// !$*UTF8*$!
{
	archiveVersion = 1;
	classes = {
	};
	objectVersion = 50;
	objects = {

/* Begin PBXBuildFile section */
		470DCFF1244AAC570059291B /* FilterService.swift in Sources */ = {isa = PBXBuildFile; fileRef = 470DCFF0244AAC570059291B /* FilterService.swift */; };
		470DCFFD244AB76F0059291B /* FilterType.swift in Sources */ = {isa = PBXBuildFile; fileRef = 470DCFFC244AB76F0059291B /* FilterType.swift */; };
		470DCFFF244AB7CE0059291B /* CustomMetalView.swift in Sources */ = {isa = PBXBuildFile; fileRef = 470DCFFE244AB7CE0059291B /* CustomMetalView.swift */; };
		47F42CAB244AA65E003EE9BD /* AppDelegate.swift in Sources */ = {isa = PBXBuildFile; fileRef = 47F42CAA244AA65E003EE9BD /* AppDelegate.swift */; };
		47F42CAD244AA65E003EE9BD /* SceneDelegate.swift in Sources */ = {isa = PBXBuildFile; fileRef = 47F42CAC244AA65E003EE9BD /* SceneDelegate.swift */; };
		47F42CAF244AA65E003EE9BD /* ContentView.swift in Sources */ = {isa = PBXBuildFile; fileRef = 47F42CAE244AA65E003EE9BD /* ContentView.swift */; };
		47F42CB1244AA660003EE9BD /* Assets.xcassets in Resources */ = {isa = PBXBuildFile; fileRef = 47F42CB0244AA660003EE9BD /* Assets.xcassets */; };
		47F42CB4244AA660003EE9BD /* Preview Assets.xcassets in Resources */ = {isa = PBXBuildFile; fileRef = 47F42CB3244AA660003EE9BD /* Preview Assets.xcassets */; };
		47F42CB7244AA660003EE9BD /* LaunchScreen.storyboard in Resources */ = {isa = PBXBuildFile; fileRef = 47F42CB5244AA660003EE9BD /* LaunchScreen.storyboard */; };
		47F42CC5244AA6BF003EE9BD /* VideoFilterRenderer.swift in Sources */ = {isa = PBXBuildFile; fileRef = 47F42CC3244AA6BF003EE9BD /* VideoFilterRenderer.swift */; };
		47F42CC6244AA6BF003EE9BD /* FilterRenderer.swift in Sources */ = {isa = PBXBuildFile; fileRef = 47F42CC4244AA6BF003EE9BD /* FilterRenderer.swift */; };
		47F42CCB244AA6CA003EE9BD /* DepthToGrayscale.metal in Sources */ = {isa = PBXBuildFile; fileRef = 47F42CC7244AA6CA003EE9BD /* DepthToGrayscale.metal */; };
		47F42CCC244AA6CA003EE9BD /* RosyEffect.metal in Sources */ = {isa = PBXBuildFile; fileRef = 47F42CC8244AA6CA003EE9BD /* RosyEffect.metal */; };
		47F42CCD244AA6CA003EE9BD /* Mixer.metal in Sources */ = {isa = PBXBuildFile; fileRef = 47F42CC9244AA6CA003EE9BD /* Mixer.metal */; };
		47F42CCE244AA6CA003EE9BD /* PassThrough.metal in Sources */ = {isa = PBXBuildFile; fileRef = 47F42CCA244AA6CA003EE9BD /* PassThrough.metal */; };
		47F42CD1244AA6E8003EE9BD /* GeneralExtensions.swift in Sources */ = {isa = PBXBuildFile; fileRef = 47F42CD0244AA6E8003EE9BD /* GeneralExtensions.swift */; };
		47F42CD5244AA718003EE9BD /* VideoService.swift in Sources */ = {isa = PBXBuildFile; fileRef = 47F42CD3244AA718003EE9BD /* VideoService.swift */; };
		47F42CD6244AA718003EE9BD /* MainService.swift in Sources */ = {isa = PBXBuildFile; fileRef = 47F42CD4244AA718003EE9BD /* MainService.swift */; };
/* End PBXBuildFile section */

/* Begin PBXFileReference section */
		470DCFF0244AAC570059291B /* FilterService.swift */ = {isa = PBXFileReference; fileEncoding = 4; lastKnownFileType = sourcecode.swift; path = FilterService.swift; sourceTree = "<group>"; };
		470DCFFC244AB76F0059291B /* FilterType.swift */ = {isa = PBXFileReference; fileEncoding = 4; lastKnownFileType = sourcecode.swift; path = FilterType.swift; sourceTree = "<group>"; };
		470DCFFE244AB7CE0059291B /* CustomMetalView.swift */ = {isa = PBXFileReference; fileEncoding = 4; lastKnownFileType = sourcecode.swift; path = CustomMetalView.swift; sourceTree = "<group>"; };
		47F42CA7244AA65E003EE9BD /* Starter_MetalCamera.app */ = {isa = PBXFileReference; explicitFileType = wrapper.application; includeInIndex = 0; path = Starter_MetalCamera.app; sourceTree = BUILT_PRODUCTS_DIR; };
		47F42CAA244AA65E003EE9BD /* AppDelegate.swift */ = {isa = PBXFileReference; lastKnownFileType = sourcecode.swift; path = AppDelegate.swift; sourceTree = "<group>"; };
		47F42CAC244AA65E003EE9BD /* SceneDelegate.swift */ = {isa = PBXFileReference; lastKnownFileType = sourcecode.swift; path = SceneDelegate.swift; sourceTree = "<group>"; };
		47F42CAE244AA65E003EE9BD /* ContentView.swift */ = {isa = PBXFileReference; lastKnownFileType = sourcecode.swift; path = ContentView.swift; sourceTree = "<group>"; };
		47F42CB0244AA660003EE9BD /* Assets.xcassets */ = {isa = PBXFileReference; lastKnownFileType = folder.assetcatalog; path = Assets.xcassets; sourceTree = "<group>"; };
		47F42CB3244AA660003EE9BD /* Preview Assets.xcassets */ = {isa = PBXFileReference; lastKnownFileType = folder.assetcatalog; path = "Preview Assets.xcassets"; sourceTree = "<group>"; };
		47F42CB6244AA660003EE9BD /* Base */ = {isa = PBXFileReference; lastKnownFileType = file.storyboard; name = Base; path = Base.lproj/LaunchScreen.storyboard; sourceTree = "<group>"; };
		47F42CB8244AA660003EE9BD /* Info.plist */ = {isa = PBXFileReference; lastKnownFileType = text.plist.xml; path = Info.plist; sourceTree = "<group>"; };
		47F42CC3244AA6BF003EE9BD /* VideoFilterRenderer.swift */ = {isa = PBXFileReference; fileEncoding = 4; lastKnownFileType = sourcecode.swift; path = VideoFilterRenderer.swift; sourceTree = "<group>"; };
		47F42CC4244AA6BF003EE9BD /* FilterRenderer.swift */ = {isa = PBXFileReference; fileEncoding = 4; lastKnownFileType = sourcecode.swift; path = FilterRenderer.swift; sourceTree = "<group>"; };
		47F42CC7244AA6CA003EE9BD /* DepthToGrayscale.metal */ = {isa = PBXFileReference; fileEncoding = 4; lastKnownFileType = sourcecode.metal; path = DepthToGrayscale.metal; sourceTree = "<group>"; };
		47F42CC8244AA6CA003EE9BD /* RosyEffect.metal */ = {isa = PBXFileReference; fileEncoding = 4; lastKnownFileType = sourcecode.metal; path = RosyEffect.metal; sourceTree = "<group>"; };
		47F42CC9244AA6CA003EE9BD /* Mixer.metal */ = {isa = PBXFileReference; fileEncoding = 4; lastKnownFileType = sourcecode.metal; path = Mixer.metal; sourceTree = "<group>"; };
		47F42CCA244AA6CA003EE9BD /* PassThrough.metal */ = {isa = PBXFileReference; fileEncoding = 4; lastKnownFileType = sourcecode.metal; path = PassThrough.metal; sourceTree = "<group>"; };
		47F42CD0244AA6E8003EE9BD /* GeneralExtensions.swift */ = {isa = PBXFileReference; fileEncoding = 4; lastKnownFileType = sourcecode.swift; path = GeneralExtensions.swift; sourceTree = "<group>"; };
		47F42CD3244AA718003EE9BD /* VideoService.swift */ = {isa = PBXFileReference; fileEncoding = 4; lastKnownFileType = sourcecode.swift; path = VideoService.swift; sourceTree = "<group>"; };
		47F42CD4244AA718003EE9BD /* MainService.swift */ = {isa = PBXFileReference; fileEncoding = 4; lastKnownFileType = sourcecode.swift; path = MainService.swift; sourceTree = "<group>"; };
/* End PBXFileReference section */

/* Begin PBXFrameworksBuildPhase section */
		47F42CA4244AA65E003EE9BD /* Frameworks */ = {
			isa = PBXFrameworksBuildPhase;
			buildActionMask = 2147483647;
			files = (
			);
			runOnlyForDeploymentPostprocessing = 0;
		};
/* End PBXFrameworksBuildPhase section */

/* Begin PBXGroup section */
		470DCFFB244AB75C0059291B /* Models */ = {
			isa = PBXGroup;
			children = (
				470DCFFC244AB76F0059291B /* FilterType.swift */,
			);
			path = Models;
			sourceTree = "<group>";
		};
		47F42C9E244AA65E003EE9BD = {
			isa = PBXGroup;
			children = (
				47F42CA9244AA65E003EE9BD /* Starter_MetalCamera */,
				47F42CA8244AA65E003EE9BD /* Products */,
			);
			sourceTree = "<group>";
		};
		47F42CA8244AA65E003EE9BD /* Products */ = {
			isa = PBXGroup;
			children = (
				47F42CA7244AA65E003EE9BD /* Starter_MetalCamera.app */,
			);
			name = Products;
			sourceTree = "<group>";
		};
		47F42CA9244AA65E003EE9BD /* Starter_MetalCamera */ = {
			isa = PBXGroup;
			children = (
				47F42CAE244AA65E003EE9BD /* ContentView.swift */,
				47F42CD2244AA70E003EE9BD /* Services */,
				47F42CCF244AA6DB003EE9BD /* Extensions */,
				47F42CC0244AA68C003EE9BD /* Metal */,
				47F42CAA244AA65E003EE9BD /* AppDelegate.swift */,
				47F42CAC244AA65E003EE9BD /* SceneDelegate.swift */,
				47F42CB0244AA660003EE9BD /* Assets.xcassets */,
				47F42CB5244AA660003EE9BD /* LaunchScreen.storyboard */,
				47F42CB8244AA660003EE9BD /* Info.plist */,
				47F42CB2244AA660003EE9BD /* Preview Content */,
			);
			path = Starter_MetalCamera;
			sourceTree = "<group>";
		};
		47F42CB2244AA660003EE9BD /* Preview Content */ = {
			isa = PBXGroup;
			children = (
				47F42CB3244AA660003EE9BD /* Preview Assets.xcassets */,
			);
			path = "Preview Content";
			sourceTree = "<group>";
		};
		47F42CC0244AA68C003EE9BD /* Metal */ = {
			isa = PBXGroup;
			children = (
				470DCFFB244AB75C0059291B /* Models */,
				47F42CC2244AA6AF003EE9BD /* Shaders */,
				47F42CC1244AA69B003EE9BD /* Filters */,
			);
			path = Metal;
			sourceTree = "<group>";
		};
		47F42CC1244AA69B003EE9BD /* Filters */ = {
			isa = PBXGroup;
			children = (
				47F42CC4244AA6BF003EE9BD /* FilterRenderer.swift */,
				47F42CC3244AA6BF003EE9BD /* VideoFilterRenderer.swift */,
				470DCFFE244AB7CE0059291B /* CustomMetalView.swift */,
			);
			path = Filters;
			sourceTree = "<group>";
		};
		47F42CC2244AA6AF003EE9BD /* Shaders */ = {
			isa = PBXGroup;
			children = (
				47F42CC7244AA6CA003EE9BD /* DepthToGrayscale.metal */,
				47F42CC9244AA6CA003EE9BD /* Mixer.metal */,
				47F42CCA244AA6CA003EE9BD /* PassThrough.metal */,
				47F42CC8244AA6CA003EE9BD /* RosyEffect.metal */,
			);
			path = Shaders;
			sourceTree = "<group>";
		};
		47F42CCF244AA6DB003EE9BD /* Extensions */ = {
			isa = PBXGroup;
			children = (
				47F42CD0244AA6E8003EE9BD /* GeneralExtensions.swift */,
			);
			path = Extensions;
			sourceTree = "<group>";
		};
		47F42CD2244AA70E003EE9BD /* Services */ = {
			isa = PBXGroup;
			children = (
				47F42CD4244AA718003EE9BD /* MainService.swift */,
				470DCFF0244AAC570059291B /* FilterService.swift */,
				47F42CD3244AA718003EE9BD /* VideoService.swift */,
			);
			path = Services;
			sourceTree = "<group>";
		};
/* End PBXGroup section */

/* Begin PBXNativeTarget section */
		47F42CA6244AA65E003EE9BD /* Starter_MetalCamera */ = {
			isa = PBXNativeTarget;
			buildConfigurationList = 47F42CBB244AA660003EE9BD /* Build configuration list for PBXNativeTarget "Starter_MetalCamera" */;
			buildPhases = (
				47F42CA3244AA65E003EE9BD /* Sources */,
				47F42CA4244AA65E003EE9BD /* Frameworks */,
				47F42CA5244AA65E003EE9BD /* Resources */,
			);
			buildRules = (
			);
			dependencies = (
			);
			name = Starter_MetalCamera;
			productName = Starter_MetalCamera;
			productReference = 47F42CA7244AA65E003EE9BD /* Starter_MetalCamera.app */;
			productType = "com.apple.product-type.application";
		};
/* End PBXNativeTarget section */

/* Begin PBXProject section */
		47F42C9F244AA65E003EE9BD /* Project object */ = {
			isa = PBXProject;
			attributes = {
				LastSwiftUpdateCheck = 1140;
				LastUpgradeCheck = 1140;
				ORGANIZATIONNAME = "Aung Ko Min";
				TargetAttributes = {
					47F42CA6244AA65E003EE9BD = {
						CreatedOnToolsVersion = 11.4.1;
					};
				};
			};
			buildConfigurationList = 47F42CA2244AA65E003EE9BD /* Build configuration list for PBXProject "Starter_MetalCamera" */;
			compatibilityVersion = "Xcode 9.3";
			developmentRegion = en;
			hasScannedForEncodings = 0;
			knownRegions = (
				en,
				Base,
			);
			mainGroup = 47F42C9E244AA65E003EE9BD;
			productRefGroup = 47F42CA8244AA65E003EE9BD /* Products */;
			projectDirPath = "";
			projectRoot = "";
			targets = (
				47F42CA6244AA65E003EE9BD /* Starter_MetalCamera */,
			);
		};
/* End PBXProject section */

/* Begin PBXResourcesBuildPhase section */
		47F42CA5244AA65E003EE9BD /* Resources */ = {
			isa = PBXResourcesBuildPhase;
			buildActionMask = 2147483647;
			files = (
				47F42CB7244AA660003EE9BD /* LaunchScreen.storyboard in Resources */,
				47F42CB4244AA660003EE9BD /* Preview Assets.xcassets in Resources */,
				47F42CB1244AA660003EE9BD /* Assets.xcassets in Resources */,
			);
			runOnlyForDeploymentPostprocessing = 0;
		};
/* End PBXResourcesBuildPhase section */

/* Begin PBXSourcesBuildPhase section */
		47F42CA3244AA65E003EE9BD /* Sources */ = {
			isa = PBXSourcesBuildPhase;
			buildActionMask = 2147483647;
			files = (
				47F42CCD244AA6CA003EE9BD /* Mixer.metal in Sources */,
				47F42CD5244AA718003EE9BD /* VideoService.swift in Sources */,
				47F42CCB244AA6CA003EE9BD /* DepthToGrayscale.metal in Sources */,
				470DCFF1244AAC570059291B /* FilterService.swift in Sources */,
				47F42CAB244AA65E003EE9BD /* AppDelegate.swift in Sources */,
				470DCFFD244AB76F0059291B /* FilterType.swift in Sources */,
				47F42CD1244AA6E8003EE9BD /* GeneralExtensions.swift in Sources */,
				47F42CCC244AA6CA003EE9BD /* RosyEffect.metal in Sources */,
				470DCFFF244AB7CE0059291B /* CustomMetalView.swift in Sources */,
				47F42CC6244AA6BF003EE9BD /* FilterRenderer.swift in Sources */,
				47F42CC5244AA6BF003EE9BD /* VideoFilterRenderer.swift in Sources */,
				47F42CAD244AA65E003EE9BD /* SceneDelegate.swift in Sources */,
				47F42CCE244AA6CA003EE9BD /* PassThrough.metal in Sources */,
				47F42CAF244AA65E003EE9BD /* ContentView.swift in Sources */,
				47F42CD6244AA718003EE9BD /* MainService.swift in Sources */,
			);
			runOnlyForDeploymentPostprocessing = 0;
		};
/* End PBXSourcesBuildPhase section */

/* Begin PBXVariantGroup section */
		47F42CB5244AA660003EE9BD /* LaunchScreen.storyboard */ = {
			isa = PBXVariantGroup;
			children = (
				47F42CB6244AA660003EE9BD /* Base */,
			);
			name = LaunchScreen.storyboard;
			sourceTree = "<group>";
		};
/* End PBXVariantGroup section */

/* Begin XCBuildConfiguration section */
		47F42CB9244AA660003EE9BD /* Debug */ = {
			isa = XCBuildConfiguration;
			buildSettings = {
				ALWAYS_SEARCH_USER_PATHS = NO;
				CLANG_ANALYZER_NONNULL = YES;
				CLANG_ANALYZER_NUMBER_OBJECT_CONVERSION = YES_AGGRESSIVE;
				CLANG_CXX_LANGUAGE_STANDARD = "gnu++14";
				CLANG_CXX_LIBRARY = "libc++";
				CLANG_ENABLE_MODULES = YES;
				CLANG_ENABLE_OBJC_ARC = YES;
				CLANG_ENABLE_OBJC_WEAK = YES;
				CLANG_WARN_BLOCK_CAPTURE_AUTORELEASING = YES;
				CLANG_WARN_BOOL_CONVERSION = YES;
				CLANG_WARN_COMMA = YES;
				CLANG_WARN_CONSTANT_CONVERSION = YES;
				CLANG_WARN_DEPRECATED_OBJC_IMPLEMENTATIONS = YES;
				CLANG_WARN_DIRECT_OBJC_ISA_USAGE = YES_ERROR;
				CLANG_WARN_DOCUMENTATION_COMMENTS = YES;
				CLANG_WARN_EMPTY_BODY = YES;
				CLANG_WARN_ENUM_CONVERSION = YES;
				CLANG_WARN_INFINITE_RECURSION = YES;
				CLANG_WARN_INT_CONVERSION = YES;
				CLANG_WARN_NON_LITERAL_NULL_CONVERSION = YES;
				CLANG_WARN_OBJC_IMPLICIT_RETAIN_SELF = YES;
				CLANG_WARN_OBJC_LITERAL_CONVERSION = YES;
				CLANG_WARN_OBJC_ROOT_CLASS = YES_ERROR;
				CLANG_WARN_RANGE_LOOP_ANALYSIS = YES;
				CLANG_WARN_STRICT_PROTOTYPES = YES;
				CLANG_WARN_SUSPICIOUS_MOVE = YES;
				CLANG_WARN_UNGUARDED_AVAILABILITY = YES_AGGRESSIVE;
				CLANG_WARN_UNREACHABLE_CODE = YES;
				CLANG_WARN__DUPLICATE_METHOD_MATCH = YES;
				COPY_PHASE_STRIP = NO;
				DEBUG_INFORMATION_FORMAT = dwarf;
				ENABLE_STRICT_OBJC_MSGSEND = YES;
				ENABLE_TESTABILITY = YES;
				GCC_C_LANGUAGE_STANDARD = gnu11;
				GCC_DYNAMIC_NO_PIC = NO;
				GCC_NO_COMMON_BLOCKS = YES;
				GCC_OPTIMIZATION_LEVEL = 0;
				GCC_PREPROCESSOR_DEFINITIONS = (
					"DEBUG=1",
					"$(inherited)",
				);
				GCC_WARN_64_TO_32_BIT_CONVERSION = YES;
				GCC_WARN_ABOUT_RETURN_TYPE = YES_ERROR;
				GCC_WARN_UNDECLARED_SELECTOR = YES;
				GCC_WARN_UNINITIALIZED_AUTOS = YES_AGGRESSIVE;
				GCC_WARN_UNUSED_FUNCTION = YES;
				GCC_WARN_UNUSED_VARIABLE = YES;
				IPHONEOS_DEPLOYMENT_TARGET = 13.4;
				MTL_ENABLE_DEBUG_INFO = INCLUDE_SOURCE;
				MTL_FAST_MATH = YES;
				ONLY_ACTIVE_ARCH = YES;
				SDKROOT = iphoneos;
				SWIFT_ACTIVE_COMPILATION_CONDITIONS = DEBUG;
				SWIFT_OPTIMIZATION_LEVEL = "-Onone";
			};
			name = Debug;
		};
		47F42CBA244AA660003EE9BD /* Release */ = {
			isa = XCBuildConfiguration;
			buildSettings = {
				ALWAYS_SEARCH_USER_PATHS = NO;
				CLANG_ANALYZER_NONNULL = YES;
				CLANG_ANALYZER_NUMBER_OBJECT_CONVERSION = YES_AGGRESSIVE;
				CLANG_CXX_LANGUAGE_STANDARD = "gnu++14";
				CLANG_CXX_LIBRARY = "libc++";
				CLANG_ENABLE_MODULES = YES;
				CLANG_ENABLE_OBJC_ARC = YES;
				CLANG_ENABLE_OBJC_WEAK = YES;
				CLANG_WARN_BLOCK_CAPTURE_AUTORELEASING = YES;
				CLANG_WARN_BOOL_CONVERSION = YES;
				CLANG_WARN_COMMA = YES;
				CLANG_WARN_CONSTANT_CONVERSION = YES;
				CLANG_WARN_DEPRECATED_OBJC_IMPLEMENTATIONS = YES;
				CLANG_WARN_DIRECT_OBJC_ISA_USAGE = YES_ERROR;
				CLANG_WARN_DOCUMENTATION_COMMENTS = YES;
				CLANG_WARN_EMPTY_BODY = YES;
				CLANG_WARN_ENUM_CONVERSION = YES;
				CLANG_WARN_INFINITE_RECURSION = YES;
				CLANG_WARN_INT_CONVERSION = YES;
				CLANG_WARN_NON_LITERAL_NULL_CONVERSION = YES;
				CLANG_WARN_OBJC_IMPLICIT_RETAIN_SELF = YES;
				CLANG_WARN_OBJC_LITERAL_CONVERSION = YES;
				CLANG_WARN_OBJC_ROOT_CLASS = YES_ERROR;
				CLANG_WARN_RANGE_LOOP_ANALYSIS = YES;
				CLANG_WARN_STRICT_PROTOTYPES = YES;
				CLANG_WARN_SUSPICIOUS_MOVE = YES;
				CLANG_WARN_UNGUARDED_AVAILABILITY = YES_AGGRESSIVE;
				CLANG_WARN_UNREACHABLE_CODE = YES;
				CLANG_WARN__DUPLICATE_METHOD_MATCH = YES;
				COPY_PHASE_STRIP = NO;
				DEBUG_INFORMATION_FORMAT = "dwarf-with-dsym";
				ENABLE_NS_ASSERTIONS = NO;
				ENABLE_STRICT_OBJC_MSGSEND = YES;
				GCC_C_LANGUAGE_STANDARD = gnu11;
				GCC_NO_COMMON_BLOCKS = YES;
				GCC_WARN_64_TO_32_BIT_CONVERSION = YES;
				GCC_WARN_ABOUT_RETURN_TYPE = YES_ERROR;
				GCC_WARN_UNDECLARED_SELECTOR = YES;
				GCC_WARN_UNINITIALIZED_AUTOS = YES_AGGRESSIVE;
				GCC_WARN_UNUSED_FUNCTION = YES;
				GCC_WARN_UNUSED_VARIABLE = YES;
				IPHONEOS_DEPLOYMENT_TARGET = 13.4;
				MTL_ENABLE_DEBUG_INFO = NO;
				MTL_FAST_MATH = YES;
				SDKROOT = iphoneos;
				SWIFT_COMPILATION_MODE = wholemodule;
				SWIFT_OPTIMIZATION_LEVEL = "-O";
				VALIDATE_PRODUCT = YES;
			};
			name = Release;
		};
		47F42CBC244AA660003EE9BD /* Debug */ = {
			isa = XCBuildConfiguration;
			buildSettings = {
				ASSETCATALOG_COMPILER_APPICON_NAME = AppIcon;
				CODE_SIGN_STYLE = Automatic;
				DEVELOPMENT_ASSET_PATHS = "\"Starter_MetalCamera/Preview Content\"";
				DEVELOPMENT_TEAM = HJ9L53D9PB;
				ENABLE_PREVIEWS = YES;
				INFOPLIST_FILE = Starter_MetalCamera/Info.plist;
				IPHONEOS_DEPLOYMENT_TARGET = 13.0;
				LD_RUNPATH_SEARCH_PATHS = (
					"$(inherited)",
					"@executable_path/Frameworks",
				);
				PRODUCT_BUNDLE_IDENTIFIER = "com.jonahaung.Starter-MetalCamera";
				PRODUCT_NAME = "$(TARGET_NAME)";
				SWIFT_VERSION = 5.0;
				TARGETED_DEVICE_FAMILY = "1,2";
			};
			name = Debug;
		};
		47F42CBD244AA660003EE9BD /* Release */ = {
			isa = XCBuildConfiguration;
			buildSettings = {
				ASSETCATALOG_COMPILER_APPICON_NAME = AppIcon;
				CODE_SIGN_STYLE = Automatic;
				DEVELOPMENT_ASSET_PATHS = "\"Starter_MetalCamera/Preview Content\"";
				DEVELOPMENT_TEAM = HJ9L53D9PB;
				ENABLE_PREVIEWS = YES;
				INFOPLIST_FILE = Starter_MetalCamera/Info.plist;
				IPHONEOS_DEPLOYMENT_TARGET = 13.0;
				LD_RUNPATH_SEARCH_PATHS = (
					"$(inherited)",
					"@executable_path/Frameworks",
				);
				PRODUCT_BUNDLE_IDENTIFIER = "com.jonahaung.Starter-MetalCamera";
				PRODUCT_NAME = "$(TARGET_NAME)";
				SWIFT_VERSION = 5.0;
				TARGETED_DEVICE_FAMILY = "1,2";
			};
			name = Release;
		};
/* End XCBuildConfiguration section */

/* Begin XCConfigurationList section */
		47F42CA2244AA65E003EE9BD /* Build configuration list for PBXProject "Starter_MetalCamera" */ = {
			isa = XCConfigurationList;
			buildConfigurations = (
				47F42CB9244AA660003EE9BD /* Debug */,
				47F42CBA244AA660003EE9BD /* Release */,
			);
			defaultConfigurationIsVisible = 0;
			defaultConfigurationName = Release;
		};
		47F42CBB244AA660003EE9BD /* Build configuration list for PBXNativeTarget "Starter_MetalCamera" */ = {
			isa = XCConfigurationList;
			buildConfigurations = (
				47F42CBC244AA660003EE9BD /* Debug */,
				47F42CBD244AA660003EE9BD /* Release */,
			);
			defaultConfigurationIsVisible = 0;
			defaultConfigurationName = Release;
		};
/* End XCConfigurationList section */
	};
	rootObject = 47F42C9F244AA65E003EE9BD /* Project object */;
}
